// !$*UTF8*$!
{
	archiveVersion = 1;
	classes = {
	};
	objectVersion = 60;
	objects = {

/* Begin PBXBuildFile section */
		4089F902C30AC9F0DEF31A01 /* DirectionsListView.swift in Sources */ = {isa = PBXBuildFile; fileRef = EE6B24BC0B7400F6F663E6FD /* DirectionsListView.swift */; };
		6A9E969D4D4C7384DD39D6BD /* RouteDirectionsListView.swift in Sources */ = {isa = PBXBuildFile; fileRef = 11BA245A6C26CE5DB960389B /* RouteDirectionsListView.swift */; };
		6C2B641B36B230C2B9B49D65 /* RouteDirectionsView.swift in Sources */ = {isa = PBXBuildFile; fileRef = F104B49E766111753527FE2C /* RouteDirectionsView.swift */; };
		8D005ADBB0AA2193A693FB90 /* RouteDirectionsNavigationView.swift in Sources */ = {isa = PBXBuildFile; fileRef = A0BB4CE64C50C0F4E390F4A4 /* RouteDirectionsNavigationView.swift */; };
		A59E6DDFAA95A38FF7B7306C /* Directions.swift in Sources */ = {isa = PBXBuildFile; fileRef = C81E93D635A1E2F674152ACA /* Directions.swift */; };
		BBAC1C07BBBC88CB0BB7508A /* RouteMapView.swift in Sources */ = {isa = PBXBuildFile; fileRef = B3FAD3813DF184259B75FB10 /* RouteMapView.swift */; };
		F39BCF2BCAB21FB11D4044D4 /* DirectionsWritingSheet.swift in Sources */ = {isa = PBXBuildFile; fileRef = 0D8B219AE7CDDA698565EA00 /* DirectionsWritingSheet.swift */; };
		FC2D1CAE2C411F9B008F8CB0 /* IDWrappable.swift in Sources */ = {isa = PBXBuildFile; fileRef = FC2D1CAD2C411F9B008F8CB0 /* IDWrappable.swift */; };
		FC2D1CB02C411FBB008F8CB0 /* Int+UserFriendly.swift in Sources */ = {isa = PBXBuildFile; fileRef = FC2D1CAF2C411FBB008F8CB0 /* Int+UserFriendly.swift */; };
		FC53584E2C3FDCEE00D480A2 /* DirectorApp.swift in Sources */ = {isa = PBXBuildFile; fileRef = FC53584D2C3FDCEE00D480A2 /* DirectorApp.swift */; };
		FC5358522C3FDCF100D480A2 /* Assets.xcassets in Resources */ = {isa = PBXBuildFile; fileRef = FC5358512C3FDCF100D480A2 /* Assets.xcassets */; };
		FC5358552C3FDCF100D480A2 /* Preview Assets.xcassets in Resources */ = {isa = PBXBuildFile; fileRef = FC5358542C3FDCF100D480A2 /* Preview Assets.xcassets */; };
		FC53585F2C3FDCF200D480A2 /* DirectorTests.swift in Sources */ = {isa = PBXBuildFile; fileRef = FC53585E2C3FDCF200D480A2 /* DirectorTests.swift */; };
		FC5358692C3FDCF200D480A2 /* DirectorUITests.swift in Sources */ = {isa = PBXBuildFile; fileRef = FC5358682C3FDCF200D480A2 /* DirectorUITests.swift */; };
		FC53586B2C3FDCF200D480A2 /* DirectorUITestsLaunchTests.swift in Sources */ = {isa = PBXBuildFile; fileRef = FC53586A2C3FDCF200D480A2 /* DirectorUITestsLaunchTests.swift */; };
		FC5358792C3FE86D00D480A2 /* DylKit in Frameworks */ = {isa = PBXBuildFile; productRef = FC5358782C3FE86D00D480A2 /* DylKit */; };
		FC53587E2C3FF9B800D480A2 /* Button+SystemIcon.swift in Sources */ = {isa = PBXBuildFile; fileRef = FC53587D2C3FF9B800D480A2 /* Button+SystemIcon.swift */; };
		FC5358842C40003400D480A2 /* String+Random.swift in Sources */ = {isa = PBXBuildFile; fileRef = FC5358832C40003400D480A2 /* String+Random.swift */; };
		FC5358862C4007D900D480A2 /* UserDefaultsKeys.swift in Sources */ = {isa = PBXBuildFile; fileRef = FC5358852C4007D900D480A2 /* UserDefaultsKeys.swift */; };
		FC5662872C401AD7008F201B /* AppFonts.swift in Sources */ = {isa = PBXBuildFile; fileRef = FC5662862C401AD7008F201B /* AppFonts.swift */; };
/* End PBXBuildFile section */

/* Begin PBXContainerItemProxy section */
		FC53585B2C3FDCF200D480A2 /* PBXContainerItemProxy */ = {
			isa = PBXContainerItemProxy;
			containerPortal = FC5358422C3FDCEE00D480A2 /* Project object */;
			proxyType = 1;
			remoteGlobalIDString = FC5358492C3FDCEE00D480A2;
			remoteInfo = Director;
		};
		FC5358652C3FDCF200D480A2 /* PBXContainerItemProxy */ = {
			isa = PBXContainerItemProxy;
			containerPortal = FC5358422C3FDCEE00D480A2 /* Project object */;
			proxyType = 1;
			remoteGlobalIDString = FC5358492C3FDCEE00D480A2;
			remoteInfo = Director;
		};
/* End PBXContainerItemProxy section */

/* Begin PBXFileReference section */
		0D8B219AE7CDDA698565EA00 /* DirectionsWritingSheet.swift */ = {isa = PBXFileReference; includeInIndex = 1; lastKnownFileType = sourcecode.swift; path = DirectionsWritingSheet.swift; sourceTree = "<group>"; };
		11BA245A6C26CE5DB960389B /* RouteDirectionsListView.swift */ = {isa = PBXFileReference; includeInIndex = 1; lastKnownFileType = sourcecode.swift; path = RouteDirectionsListView.swift; sourceTree = "<group>"; };
		A0BB4CE64C50C0F4E390F4A4 /* RouteDirectionsNavigationView.swift */ = {isa = PBXFileReference; includeInIndex = 1; lastKnownFileType = sourcecode.swift; path = RouteDirectionsNavigationView.swift; sourceTree = "<group>"; };
		B3FAD3813DF184259B75FB10 /* RouteMapView.swift */ = {isa = PBXFileReference; includeInIndex = 1; lastKnownFileType = sourcecode.swift; path = RouteMapView.swift; sourceTree = "<group>"; };
		C81E93D635A1E2F674152ACA /* Directions.swift */ = {isa = PBXFileReference; includeInIndex = 1; lastKnownFileType = sourcecode.swift; path = Directions.swift; sourceTree = "<group>"; };
		EE6B24BC0B7400F6F663E6FD /* DirectionsListView.swift */ = {isa = PBXFileReference; includeInIndex = 1; lastKnownFileType = sourcecode.swift; path = DirectionsListView.swift; sourceTree = "<group>"; };
		F104B49E766111753527FE2C /* RouteDirectionsView.swift */ = {isa = PBXFileReference; includeInIndex = 1; lastKnownFileType = sourcecode.swift; path = RouteDirectionsView.swift; sourceTree = "<group>"; };
		FC2D1CAD2C411F9B008F8CB0 /* IDWrappable.swift */ = {isa = PBXFileReference; lastKnownFileType = sourcecode.swift; path = IDWrappable.swift; sourceTree = "<group>"; };
		FC2D1CAF2C411FBB008F8CB0 /* Int+UserFriendly.swift */ = {isa = PBXFileReference; lastKnownFileType = sourcecode.swift; path = "Int+UserFriendly.swift"; sourceTree = "<group>"; };
		FC53584A2C3FDCEE00D480A2 /* Director.app */ = {isa = PBXFileReference; explicitFileType = wrapper.application; includeInIndex = 0; path = Director.app; sourceTree = BUILT_PRODUCTS_DIR; };
		FC53584D2C3FDCEE00D480A2 /* DirectorApp.swift */ = {isa = PBXFileReference; lastKnownFileType = sourcecode.swift; path = DirectorApp.swift; sourceTree = "<group>"; };
		FC5358512C3FDCF100D480A2 /* Assets.xcassets */ = {isa = PBXFileReference; lastKnownFileType = folder.assetcatalog; path = Assets.xcassets; sourceTree = "<group>"; };
		FC5358542C3FDCF100D480A2 /* Preview Assets.xcassets */ = {isa = PBXFileReference; lastKnownFileType = folder.assetcatalog; path = "Preview Assets.xcassets"; sourceTree = "<group>"; };
		FC53585A2C3FDCF200D480A2 /* DirectorTests.xctest */ = {isa = PBXFileReference; explicitFileType = wrapper.cfbundle; includeInIndex = 0; path = DirectorTests.xctest; sourceTree = BUILT_PRODUCTS_DIR; };
		FC53585E2C3FDCF200D480A2 /* DirectorTests.swift */ = {isa = PBXFileReference; lastKnownFileType = sourcecode.swift; path = DirectorTests.swift; sourceTree = "<group>"; };
		FC5358642C3FDCF200D480A2 /* DirectorUITests.xctest */ = {isa = PBXFileReference; explicitFileType = wrapper.cfbundle; includeInIndex = 0; path = DirectorUITests.xctest; sourceTree = BUILT_PRODUCTS_DIR; };
		FC5358682C3FDCF200D480A2 /* DirectorUITests.swift */ = {isa = PBXFileReference; lastKnownFileType = sourcecode.swift; path = DirectorUITests.swift; sourceTree = "<group>"; };
		FC53586A2C3FDCF200D480A2 /* DirectorUITestsLaunchTests.swift */ = {isa = PBXFileReference; lastKnownFileType = sourcecode.swift; path = DirectorUITestsLaunchTests.swift; sourceTree = "<group>"; };
		FC53587D2C3FF9B800D480A2 /* Button+SystemIcon.swift */ = {isa = PBXFileReference; lastKnownFileType = sourcecode.swift; path = "Button+SystemIcon.swift"; sourceTree = "<group>"; };
		FC5358832C40003400D480A2 /* String+Random.swift */ = {isa = PBXFileReference; lastKnownFileType = sourcecode.swift; path = "String+Random.swift"; sourceTree = "<group>"; };
		FC5358852C4007D900D480A2 /* UserDefaultsKeys.swift */ = {isa = PBXFileReference; lastKnownFileType = sourcecode.swift; path = UserDefaultsKeys.swift; sourceTree = "<group>"; };
		FC5662862C401AD7008F201B /* AppFonts.swift */ = {isa = PBXFileReference; lastKnownFileType = sourcecode.swift; path = AppFonts.swift; sourceTree = "<group>"; };
/* End PBXFileReference section */

/* Begin PBXFrameworksBuildPhase section */
		FC5358472C3FDCEE00D480A2 /* Frameworks */ = {
			isa = PBXFrameworksBuildPhase;
			buildActionMask = 2147483647;
			files = (
				FC5358792C3FE86D00D480A2 /* DylKit in Frameworks */,
			);
			runOnlyForDeploymentPostprocessing = 0;
		};
		FC5358572C3FDCF200D480A2 /* Frameworks */ = {
			isa = PBXFrameworksBuildPhase;
			buildActionMask = 2147483647;
			files = (
			);
			runOnlyForDeploymentPostprocessing = 0;
		};
		FC5358612C3FDCF200D480A2 /* Frameworks */ = {
			isa = PBXFrameworksBuildPhase;
			buildActionMask = 2147483647;
			files = (
			);
			runOnlyForDeploymentPostprocessing = 0;
		};
/* End PBXFrameworksBuildPhase section */

/* Begin PBXGroup section */
		C32DC99C1F490AB7946AB0F3 /* Model */ = {
			isa = PBXGroup;
			children = (
				C81E93D635A1E2F674152ACA /* Directions.swift */,
			);
			path = Model;
			sourceTree = "<group>";
		};
		F5277BDA873AE9FE848605D5 /* Screens */ = {
			isa = PBXGroup;
			children = (
				0D8B219AE7CDDA698565EA00 /* DirectionsWritingSheet.swift */,
				11BA245A6C26CE5DB960389B /* RouteDirectionsListView.swift */,
				F104B49E766111753527FE2C /* RouteDirectionsView.swift */,
				EE6B24BC0B7400F6F663E6FD /* DirectionsListView.swift */,
				B3FAD3813DF184259B75FB10 /* RouteMapView.swift */,
				A0BB4CE64C50C0F4E390F4A4 /* RouteDirectionsNavigationView.swift */,
			);
			path = Screens;
			sourceTree = "<group>";
		};
		FC2D1CAC2C411F8D008F8CB0 /* Utitlities */ = {
			isa = PBXGroup;
			children = (
				FC5358852C4007D900D480A2 /* UserDefaultsKeys.swift */,
				FC5662862C401AD7008F201B /* AppFonts.swift */,
				FC2D1CAD2C411F9B008F8CB0 /* IDWrappable.swift */,
			);
			path = Utitlities;
			sourceTree = "<group>";
		};
		FC5358412C3FDCEE00D480A2 = {
			isa = PBXGroup;
			children = (
				FC53584C2C3FDCEE00D480A2 /* Director */,
				FC53585D2C3FDCF200D480A2 /* DirectorTests */,
				FC5358672C3FDCF200D480A2 /* DirectorUITests */,
				FC53584B2C3FDCEE00D480A2 /* Products */,
			);
			sourceTree = "<group>";
		};
		FC53584B2C3FDCEE00D480A2 /* Products */ = {
			isa = PBXGroup;
			children = (
				FC53584A2C3FDCEE00D480A2 /* Director.app */,
				FC53585A2C3FDCF200D480A2 /* DirectorTests.xctest */,
				FC5358642C3FDCF200D480A2 /* DirectorUITests.xctest */,
			);
			name = Products;
			sourceTree = "<group>";
		};
		FC53584C2C3FDCEE00D480A2 /* Director */ = {
			isa = PBXGroup;
			children = (
				FC53584D2C3FDCEE00D480A2 /* DirectorApp.swift */,
				F5277BDA873AE9FE848605D5 /* Screens */,
				C32DC99C1F490AB7946AB0F3 /* Model */,
				FC2D1CAC2C411F8D008F8CB0 /* Utitlities */,
				FC53587C2C3FF9AE00D480A2 /* Extensions */,
				FC5358532C3FDCF100D480A2 /* Preview Content */,
				FC5358512C3FDCF100D480A2 /* Assets.xcassets */,
			);
			path = Director;
			sourceTree = "<group>";
		};
		FC5358532C3FDCF100D480A2 /* Preview Content */ = {
			isa = PBXGroup;
			children = (
				FC5358542C3FDCF100D480A2 /* Preview Assets.xcassets */,
			);
			path = "Preview Content";
			sourceTree = "<group>";
		};
		FC53585D2C3FDCF200D480A2 /* DirectorTests */ = {
			isa = PBXGroup;
			children = (
				FC53585E2C3FDCF200D480A2 /* DirectorTests.swift */,
			);
			path = DirectorTests;
			sourceTree = "<group>";
		};
		FC5358672C3FDCF200D480A2 /* DirectorUITests */ = {
			isa = PBXGroup;
			children = (
				FC5358682C3FDCF200D480A2 /* DirectorUITests.swift */,
				FC53586A2C3FDCF200D480A2 /* DirectorUITestsLaunchTests.swift */,
			);
			path = DirectorUITests;
			sourceTree = "<group>";
		};
		FC53587C2C3FF9AE00D480A2 /* Extensions */ = {
			isa = PBXGroup;
			children = (
				FC53587D2C3FF9B800D480A2 /* Button+SystemIcon.swift */,
				FC5358832C40003400D480A2 /* String+Random.swift */,
				FC2D1CAF2C411FBB008F8CB0 /* Int+UserFriendly.swift */,
			);
			path = Extensions;
			sourceTree = "<group>";
		};
/* End PBXGroup section */

/* Begin PBXNativeTarget section */
		FC5358492C3FDCEE00D480A2 /* Director */ = {
			isa = PBXNativeTarget;
			buildConfigurationList = FC53586E2C3FDCF200D480A2 /* Build configuration list for PBXNativeTarget "Director" */;
			buildPhases = (
				FC5358462C3FDCEE00D480A2 /* Sources */,
				FC5358472C3FDCEE00D480A2 /* Frameworks */,
				FC5358482C3FDCEE00D480A2 /* Resources */,
			);
			buildRules = (
			);
			dependencies = (
			);
			name = Director;
			packageProductDependencies = (
				FC5358782C3FE86D00D480A2 /* DylKit */,
			);
			productName = Director;
			productReference = FC53584A2C3FDCEE00D480A2 /* Director.app */;
			productType = "com.apple.product-type.application";
		};
		FC5358592C3FDCF200D480A2 /* DirectorTests */ = {
			isa = PBXNativeTarget;
			buildConfigurationList = FC5358712C3FDCF200D480A2 /* Build configuration list for PBXNativeTarget "DirectorTests" */;
			buildPhases = (
				FC5358562C3FDCF200D480A2 /* Sources */,
				FC5358572C3FDCF200D480A2 /* Frameworks */,
				FC5358582C3FDCF200D480A2 /* Resources */,
			);
			buildRules = (
			);
			dependencies = (
				FC53585C2C3FDCF200D480A2 /* PBXTargetDependency */,
			);
			name = DirectorTests;
			productName = DirectorTests;
			productReference = FC53585A2C3FDCF200D480A2 /* DirectorTests.xctest */;
			productType = "com.apple.product-type.bundle.unit-test";
		};
		FC5358632C3FDCF200D480A2 /* DirectorUITests */ = {
			isa = PBXNativeTarget;
			buildConfigurationList = FC5358742C3FDCF200D480A2 /* Build configuration list for PBXNativeTarget "DirectorUITests" */;
			buildPhases = (
				FC5358602C3FDCF200D480A2 /* Sources */,
				FC5358612C3FDCF200D480A2 /* Frameworks */,
				FC5358622C3FDCF200D480A2 /* Resources */,
			);
			buildRules = (
			);
			dependencies = (
				FC5358662C3FDCF200D480A2 /* PBXTargetDependency */,
			);
			name = DirectorUITests;
			productName = DirectorUITests;
			productReference = FC5358642C3FDCF200D480A2 /* DirectorUITests.xctest */;
			productType = "com.apple.product-type.bundle.ui-testing";
		};
/* End PBXNativeTarget section */

/* Begin PBXProject section */
		FC5358422C3FDCEE00D480A2 /* Project object */ = {
			isa = PBXProject;
			attributes = {
				BuildIndependentTargetsInParallel = 1;
				LastSwiftUpdateCheck = 1520;
				LastUpgradeCheck = 1520;
				TargetAttributes = {
					FC5358492C3FDCEE00D480A2 = {
						CreatedOnToolsVersion = 15.2;
					};
					FC5358592C3FDCF200D480A2 = {
						CreatedOnToolsVersion = 15.2;
						TestTargetID = FC5358492C3FDCEE00D480A2;
					};
					FC5358632C3FDCF200D480A2 = {
						CreatedOnToolsVersion = 15.2;
						TestTargetID = FC5358492C3FDCEE00D480A2;
					};
				};
			};
			buildConfigurationList = FC5358452C3FDCEE00D480A2 /* Build configuration list for PBXProject "Director" */;
			compatibilityVersion = "Xcode 14.0";
			developmentRegion = en;
			hasScannedForEncodings = 0;
			knownRegions = (
				en,
				Base,
			);
			mainGroup = FC5358412C3FDCEE00D480A2;
			packageReferences = (
				FC5358772C3FE86D00D480A2 /* XCLocalSwiftPackageReference "../DylKit" */,
			);
			productRefGroup = FC53584B2C3FDCEE00D480A2 /* Products */;
			projectDirPath = "";
			projectRoot = "";
			targets = (
				FC5358492C3FDCEE00D480A2 /* Director */,
				FC5358592C3FDCF200D480A2 /* DirectorTests */,
				FC5358632C3FDCF200D480A2 /* DirectorUITests */,
			);
		};
/* End PBXProject section */

/* Begin PBXResourcesBuildPhase section */
		FC5358482C3FDCEE00D480A2 /* Resources */ = {
			isa = PBXResourcesBuildPhase;
			buildActionMask = 2147483647;
			files = (
				FC5358552C3FDCF100D480A2 /* Preview Assets.xcassets in Resources */,
				FC5358522C3FDCF100D480A2 /* Assets.xcassets in Resources */,
			);
			runOnlyForDeploymentPostprocessing = 0;
		};
		FC5358582C3FDCF200D480A2 /* Resources */ = {
			isa = PBXResourcesBuildPhase;
			buildActionMask = 2147483647;
			files = (
			);
			runOnlyForDeploymentPostprocessing = 0;
		};
		FC5358622C3FDCF200D480A2 /* Resources */ = {
			isa = PBXResourcesBuildPhase;
			buildActionMask = 2147483647;
			files = (
			);
			runOnlyForDeploymentPostprocessing = 0;
		};
/* End PBXResourcesBuildPhase section */

/* Begin PBXSourcesBuildPhase section */
		FC5358462C3FDCEE00D480A2 /* Sources */ = {
			isa = PBXSourcesBuildPhase;
			buildActionMask = 2147483647;
			files = (
				FC5358862C4007D900D480A2 /* UserDefaultsKeys.swift in Sources */,
				FC2D1CAE2C411F9B008F8CB0 /* IDWrappable.swift in Sources */,
				FC53584E2C3FDCEE00D480A2 /* DirectorApp.swift in Sources */,
				FC5662872C401AD7008F201B /* AppFonts.swift in Sources */,
				FC2D1CB02C411FBB008F8CB0 /* Int+UserFriendly.swift in Sources */,
				FC5358842C40003400D480A2 /* String+Random.swift in Sources */,
				FC53587E2C3FF9B800D480A2 /* Button+SystemIcon.swift in Sources */,
				A59E6DDFAA95A38FF7B7306C /* Directions.swift in Sources */,
				F39BCF2BCAB21FB11D4044D4 /* DirectionsWritingSheet.swift in Sources */,
				6A9E969D4D4C7384DD39D6BD /* RouteDirectionsListView.swift in Sources */,
				6C2B641B36B230C2B9B49D65 /* RouteDirectionsView.swift in Sources */,
				4089F902C30AC9F0DEF31A01 /* DirectionsListView.swift in Sources */,
				BBAC1C07BBBC88CB0BB7508A /* RouteMapView.swift in Sources */,
				8D005ADBB0AA2193A693FB90 /* RouteDirectionsNavigationView.swift in Sources */,
			);
			runOnlyForDeploymentPostprocessing = 0;
		};
		FC5358562C3FDCF200D480A2 /* Sources */ = {
			isa = PBXSourcesBuildPhase;
			buildActionMask = 2147483647;
			files = (
				FC53585F2C3FDCF200D480A2 /* DirectorTests.swift in Sources */,
			);
			runOnlyForDeploymentPostprocessing = 0;
		};
		FC5358602C3FDCF200D480A2 /* Sources */ = {
			isa = PBXSourcesBuildPhase;
			buildActionMask = 2147483647;
			files = (
				FC53586B2C3FDCF200D480A2 /* DirectorUITestsLaunchTests.swift in Sources */,
				FC5358692C3FDCF200D480A2 /* DirectorUITests.swift in Sources */,
			);
			runOnlyForDeploymentPostprocessing = 0;
		};
/* End PBXSourcesBuildPhase section */

/* Begin PBXTargetDependency section */
		FC53585C2C3FDCF200D480A2 /* PBXTargetDependency */ = {
			isa = PBXTargetDependency;
			target = FC5358492C3FDCEE00D480A2 /* Director */;
			targetProxy = FC53585B2C3FDCF200D480A2 /* PBXContainerItemProxy */;
		};
		FC5358662C3FDCF200D480A2 /* PBXTargetDependency */ = {
			isa = PBXTargetDependency;
			target = FC5358492C3FDCEE00D480A2 /* Director */;
			targetProxy = FC5358652C3FDCF200D480A2 /* PBXContainerItemProxy */;
		};
/* End PBXTargetDependency section */

/* Begin XCBuildConfiguration section */
		FC53586C2C3FDCF200D480A2 /* Debug */ = {
			isa = XCBuildConfiguration;
			buildSettings = {
				ALWAYS_SEARCH_USER_PATHS = NO;
				ASSETCATALOG_COMPILER_GENERATE_SWIFT_ASSET_SYMBOL_EXTENSIONS = YES;
				CLANG_ANALYZER_NONNULL = YES;
				CLANG_ANALYZER_NUMBER_OBJECT_CONVERSION = YES_AGGRESSIVE;
				CLANG_CXX_LANGUAGE_STANDARD = "gnu++20";
				CLANG_ENABLE_MODULES = YES;
				CLANG_ENABLE_OBJC_ARC = YES;
				CLANG_ENABLE_OBJC_WEAK = YES;
				CLANG_WARN_BLOCK_CAPTURE_AUTORELEASING = YES;
				CLANG_WARN_BOOL_CONVERSION = YES;
				CLANG_WARN_COMMA = YES;
				CLANG_WARN_CONSTANT_CONVERSION = YES;
				CLANG_WARN_DEPRECATED_OBJC_IMPLEMENTATIONS = YES;
				CLANG_WARN_DIRECT_OBJC_ISA_USAGE = YES_ERROR;
				CLANG_WARN_DOCUMENTATION_COMMENTS = YES;
				CLANG_WARN_EMPTY_BODY = YES;
				CLANG_WARN_ENUM_CONVERSION = YES;
				CLANG_WARN_INFINITE_RECURSION = YES;
				CLANG_WARN_INT_CONVERSION = YES;
				CLANG_WARN_NON_LITERAL_NULL_CONVERSION = YES;
				CLANG_WARN_OBJC_IMPLICIT_RETAIN_SELF = YES;
				CLANG_WARN_OBJC_LITERAL_CONVERSION = YES;
				CLANG_WARN_OBJC_ROOT_CLASS = YES_ERROR;
				CLANG_WARN_QUOTED_INCLUDE_IN_FRAMEWORK_HEADER = YES;
				CLANG_WARN_RANGE_LOOP_ANALYSIS = YES;
				CLANG_WARN_STRICT_PROTOTYPES = YES;
				CLANG_WARN_SUSPICIOUS_MOVE = YES;
				CLANG_WARN_UNGUARDED_AVAILABILITY = YES_AGGRESSIVE;
				CLANG_WARN_UNREACHABLE_CODE = YES;
				CLANG_WARN__DUPLICATE_METHOD_MATCH = YES;
				COPY_PHASE_STRIP = NO;
				DEBUG_INFORMATION_FORMAT = dwarf;
				ENABLE_STRICT_OBJC_MSGSEND = YES;
				ENABLE_TESTABILITY = YES;
				ENABLE_USER_SCRIPT_SANDBOXING = YES;
				GCC_C_LANGUAGE_STANDARD = gnu17;
				GCC_DYNAMIC_NO_PIC = NO;
				GCC_NO_COMMON_BLOCKS = YES;
				GCC_OPTIMIZATION_LEVEL = 0;
				GCC_PREPROCESSOR_DEFINITIONS = (
					"DEBUG=1",
					"$(inherited)",
				);
				GCC_WARN_64_TO_32_BIT_CONVERSION = YES;
				GCC_WARN_ABOUT_RETURN_TYPE = YES_ERROR;
				GCC_WARN_UNDECLARED_SELECTOR = YES;
				GCC_WARN_UNINITIALIZED_AUTOS = YES_AGGRESSIVE;
				GCC_WARN_UNUSED_FUNCTION = YES;
				GCC_WARN_UNUSED_VARIABLE = YES;
				IPHONEOS_DEPLOYMENT_TARGET = 17.2;
				LOCALIZATION_PREFERS_STRING_CATALOGS = YES;
				MTL_ENABLE_DEBUG_INFO = INCLUDE_SOURCE;
				MTL_FAST_MATH = YES;
				ONLY_ACTIVE_ARCH = YES;
				SDKROOT = iphoneos;
				SWIFT_ACTIVE_COMPILATION_CONDITIONS = "DEBUG $(inherited)";
				SWIFT_OPTIMIZATION_LEVEL = "-Onone";
			};
			name = Debug;
		};
		FC53586D2C3FDCF200D480A2 /* Release */ = {
			isa = XCBuildConfiguration;
			buildSettings = {
				ALWAYS_SEARCH_USER_PATHS = NO;
				ASSETCATALOG_COMPILER_GENERATE_SWIFT_ASSET_SYMBOL_EXTENSIONS = YES;
				CLANG_ANALYZER_NONNULL = YES;
				CLANG_ANALYZER_NUMBER_OBJECT_CONVERSION = YES_AGGRESSIVE;
				CLANG_CXX_LANGUAGE_STANDARD = "gnu++20";
				CLANG_ENABLE_MODULES = YES;
				CLANG_ENABLE_OBJC_ARC = YES;
				CLANG_ENABLE_OBJC_WEAK = YES;
				CLANG_WARN_BLOCK_CAPTURE_AUTORELEASING = YES;
				CLANG_WARN_BOOL_CONVERSION = YES;
				CLANG_WARN_COMMA = YES;
				CLANG_WARN_CONSTANT_CONVERSION = YES;
				CLANG_WARN_DEPRECATED_OBJC_IMPLEMENTATIONS = YES;
				CLANG_WARN_DIRECT_OBJC_ISA_USAGE = YES_ERROR;
				CLANG_WARN_DOCUMENTATION_COMMENTS = YES;
				CLANG_WARN_EMPTY_BODY = YES;
				CLANG_WARN_ENUM_CONVERSION = YES;
				CLANG_WARN_INFINITE_RECURSION = YES;
				CLANG_WARN_INT_CONVERSION = YES;
				CLANG_WARN_NON_LITERAL_NULL_CONVERSION = YES;
				CLANG_WARN_OBJC_IMPLICIT_RETAIN_SELF = YES;
				CLANG_WARN_OBJC_LITERAL_CONVERSION = YES;
				CLANG_WARN_OBJC_ROOT_CLASS = YES_ERROR;
				CLANG_WARN_QUOTED_INCLUDE_IN_FRAMEWORK_HEADER = YES;
				CLANG_WARN_RANGE_LOOP_ANALYSIS = YES;
				CLANG_WARN_STRICT_PROTOTYPES = YES;
				CLANG_WARN_SUSPICIOUS_MOVE = YES;
				CLANG_WARN_UNGUARDED_AVAILABILITY = YES_AGGRESSIVE;
				CLANG_WARN_UNREACHABLE_CODE = YES;
				CLANG_WARN__DUPLICATE_METHOD_MATCH = YES;
				COPY_PHASE_STRIP = NO;
				DEBUG_INFORMATION_FORMAT = "dwarf-with-dsym";
				ENABLE_NS_ASSERTIONS = NO;
				ENABLE_STRICT_OBJC_MSGSEND = YES;
				ENABLE_USER_SCRIPT_SANDBOXING = YES;
				GCC_C_LANGUAGE_STANDARD = gnu17;
				GCC_NO_COMMON_BLOCKS = YES;
				GCC_WARN_64_TO_32_BIT_CONVERSION = YES;
				GCC_WARN_ABOUT_RETURN_TYPE = YES_ERROR;
				GCC_WARN_UNDECLARED_SELECTOR = YES;
				GCC_WARN_UNINITIALIZED_AUTOS = YES_AGGRESSIVE;
				GCC_WARN_UNUSED_FUNCTION = YES;
				GCC_WARN_UNUSED_VARIABLE = YES;
				IPHONEOS_DEPLOYMENT_TARGET = 17.2;
				LOCALIZATION_PREFERS_STRING_CATALOGS = YES;
				MTL_ENABLE_DEBUG_INFO = NO;
				MTL_FAST_MATH = YES;
				SDKROOT = iphoneos;
				SWIFT_COMPILATION_MODE = wholemodule;
				VALIDATE_PRODUCT = YES;
			};
			name = Release;
		};
		FC53586F2C3FDCF200D480A2 /* Debug */ = {
			isa = XCBuildConfiguration;
			buildSettings = {
				ASSETCATALOG_COMPILER_APPICON_NAME = AppIcon;
				ASSETCATALOG_COMPILER_GLOBAL_ACCENT_COLOR_NAME = AccentColor;
				CODE_SIGN_STYLE = Automatic;
				CURRENT_PROJECT_VERSION = 1;
				DEVELOPMENT_ASSET_PATHS = "\"Director/Preview Content\"";
				DEVELOPMENT_TEAM = 6CW3378X23;
				ENABLE_PREVIEWS = YES;
				GENERATE_INFOPLIST_FILE = YES;
				INFOPLIST_KEY_NSLocationWhenInUseUsageDescription = "To show routes";
				INFOPLIST_KEY_UIApplicationSceneManifest_Generation = YES;
				INFOPLIST_KEY_UIApplicationSupportsIndirectInputEvents = YES;
				INFOPLIST_KEY_UILaunchScreen_Generation = YES;
				INFOPLIST_KEY_UISupportedInterfaceOrientations_iPad = "UIInterfaceOrientationPortrait UIInterfaceOrientationPortraitUpsideDown UIInterfaceOrientationLandscapeLeft UIInterfaceOrientationLandscapeRight";
				INFOPLIST_KEY_UISupportedInterfaceOrientations_iPhone = "UIInterfaceOrientationPortrait UIInterfaceOrientationLandscapeLeft UIInterfaceOrientationLandscapeRight";
				LD_RUNPATH_SEARCH_PATHS = (
					"$(inherited)",
					"@executable_path/Frameworks",
				);
				MARKETING_VERSION = 1.0;
				PRODUCT_BUNDLE_IDENTIFIER = com.dylan.Director;
				PRODUCT_NAME = "$(TARGET_NAME)";
				SWIFT_EMIT_LOC_STRINGS = YES;
				SWIFT_VERSION = 5.0;
				TARGETED_DEVICE_FAMILY = "1,2";
			};
			name = Debug;
		};
		FC5358702C3FDCF200D480A2 /* Release */ = {
			isa = XCBuildConfiguration;
			buildSettings = {
				ASSETCATALOG_COMPILER_APPICON_NAME = AppIcon;
				ASSETCATALOG_COMPILER_GLOBAL_ACCENT_COLOR_NAME = AccentColor;
				CODE_SIGN_STYLE = Automatic;
				CURRENT_PROJECT_VERSION = 1;
				DEVELOPMENT_ASSET_PATHS = "\"Director/Preview Content\"";
				DEVELOPMENT_TEAM = 6CW3378X23;
				ENABLE_PREVIEWS = YES;
				GENERATE_INFOPLIST_FILE = YES;
				INFOPLIST_KEY_NSLocationWhenInUseUsageDescription = "To show routes";
				INFOPLIST_KEY_UIApplicationSceneManifest_Generation = YES;
				INFOPLIST_KEY_UIApplicationSupportsIndirectInputEvents = YES;
				INFOPLIST_KEY_UILaunchScreen_Generation = YES;
				INFOPLIST_KEY_UISupportedInterfaceOrientations_iPad = "UIInterfaceOrientationPortrait UIInterfaceOrientationPortraitUpsideDown UIInterfaceOrientationLandscapeLeft UIInterfaceOrientationLandscapeRight";
				INFOPLIST_KEY_UISupportedInterfaceOrientations_iPhone = "UIInterfaceOrientationPortrait UIInterfaceOrientationLandscapeLeft UIInterfaceOrientationLandscapeRight";
				LD_RUNPATH_SEARCH_PATHS = (
					"$(inherited)",
					"@executable_path/Frameworks",
				);
				MARKETING_VERSION = 1.0;
				PRODUCT_BUNDLE_IDENTIFIER = com.dylan.Director;
				PRODUCT_NAME = "$(TARGET_NAME)";
				SWIFT_EMIT_LOC_STRINGS = YES;
				SWIFT_VERSION = 5.0;
				TARGETED_DEVICE_FAMILY = "1,2";
			};
			name = Release;
		};
		FC5358722C3FDCF200D480A2 /* Debug */ = {
			isa = XCBuildConfiguration;
			buildSettings = {
				ALWAYS_EMBED_SWIFT_STANDARD_LIBRARIES = YES;
				BUNDLE_LOADER = "$(TEST_HOST)";
				CODE_SIGN_STYLE = Automatic;
				CURRENT_PROJECT_VERSION = 1;
				DEVELOPMENT_TEAM = 6CW3378X23;
				GENERATE_INFOPLIST_FILE = YES;
				IPHONEOS_DEPLOYMENT_TARGET = 17.2;
				MARKETING_VERSION = 1.0;
				PRODUCT_BUNDLE_IDENTIFIER = com.dylan.DirectorTests;
				PRODUCT_NAME = "$(TARGET_NAME)";
				SWIFT_EMIT_LOC_STRINGS = NO;
				SWIFT_VERSION = 5.0;
				TARGETED_DEVICE_FAMILY = "1,2";
				TEST_HOST = "$(BUILT_PRODUCTS_DIR)/Director.app/$(BUNDLE_EXECUTABLE_FOLDER_PATH)/Director";
			};
			name = Debug;
		};
		FC5358732C3FDCF200D480A2 /* Release */ = {
			isa = XCBuildConfiguration;
			buildSettings = {
				ALWAYS_EMBED_SWIFT_STANDARD_LIBRARIES = YES;
				BUNDLE_LOADER = "$(TEST_HOST)";
				CODE_SIGN_STYLE = Automatic;
				CURRENT_PROJECT_VERSION = 1;
				DEVELOPMENT_TEAM = 6CW3378X23;
				GENERATE_INFOPLIST_FILE = YES;
				IPHONEOS_DEPLOYMENT_TARGET = 17.2;
				MARKETING_VERSION = 1.0;
				PRODUCT_BUNDLE_IDENTIFIER = com.dylan.DirectorTests;
				PRODUCT_NAME = "$(TARGET_NAME)";
				SWIFT_EMIT_LOC_STRINGS = NO;
				SWIFT_VERSION = 5.0;
				TARGETED_DEVICE_FAMILY = "1,2";
				TEST_HOST = "$(BUILT_PRODUCTS_DIR)/Director.app/$(BUNDLE_EXECUTABLE_FOLDER_PATH)/Director";
			};
			name = Release;
		};
		FC5358752C3FDCF200D480A2 /* Debug */ = {
			isa = XCBuildConfiguration;
			buildSettings = {
				ALWAYS_EMBED_SWIFT_STANDARD_LIBRARIES = YES;
				CODE_SIGN_STYLE = Automatic;
				CURRENT_PROJECT_VERSION = 1;
				DEVELOPMENT_TEAM = 6CW3378X23;
				GENERATE_INFOPLIST_FILE = YES;
				MARKETING_VERSION = 1.0;
				PRODUCT_BUNDLE_IDENTIFIER = com.dylan.DirectorUITests;
				PRODUCT_NAME = "$(TARGET_NAME)";
				SWIFT_EMIT_LOC_STRINGS = NO;
				SWIFT_VERSION = 5.0;
				TARGETED_DEVICE_FAMILY = "1,2";
				TEST_TARGET_NAME = Director;
			};
			name = Debug;
		};
		FC5358762C3FDCF200D480A2 /* Release */ = {
			isa = XCBuildConfiguration;
			buildSettings = {
				ALWAYS_EMBED_SWIFT_STANDARD_LIBRARIES = YES;
				CODE_SIGN_STYLE = Automatic;
				CURRENT_PROJECT_VERSION = 1;
				DEVELOPMENT_TEAM = 6CW3378X23;
				GENERATE_INFOPLIST_FILE = YES;
				MARKETING_VERSION = 1.0;
				PRODUCT_BUNDLE_IDENTIFIER = com.dylan.DirectorUITests;
				PRODUCT_NAME = "$(TARGET_NAME)";
				SWIFT_EMIT_LOC_STRINGS = NO;
				SWIFT_VERSION = 5.0;
				TARGETED_DEVICE_FAMILY = "1,2";
				TEST_TARGET_NAME = Director;
			};
			name = Release;
		};
/* End XCBuildConfiguration section */

/* Begin XCConfigurationList section */
		FC5358452C3FDCEE00D480A2 /* Build configuration list for PBXProject "Director" */ = {
			isa = XCConfigurationList;
			buildConfigurations = (
				FC53586C2C3FDCF200D480A2 /* Debug */,
				FC53586D2C3FDCF200D480A2 /* Release */,
			);
			defaultConfigurationIsVisible = 0;
			defaultConfigurationName = Release;
		};
		FC53586E2C3FDCF200D480A2 /* Build configuration list for PBXNativeTarget "Director" */ = {
			isa = XCConfigurationList;
			buildConfigurations = (
				FC53586F2C3FDCF200D480A2 /* Debug */,
				FC5358702C3FDCF200D480A2 /* Release */,
			);
			defaultConfigurationIsVisible = 0;
			defaultConfigurationName = Release;
		};
		FC5358712C3FDCF200D480A2 /* Build configuration list for PBXNativeTarget "DirectorTests" */ = {
			isa = XCConfigurationList;
			buildConfigurations = (
				FC5358722C3FDCF200D480A2 /* Debug */,
				FC5358732C3FDCF200D480A2 /* Release */,
			);
			defaultConfigurationIsVisible = 0;
			defaultConfigurationName = Release;
		};
		FC5358742C3FDCF200D480A2 /* Build configuration list for PBXNativeTarget "DirectorUITests" */ = {
			isa = XCConfigurationList;
			buildConfigurations = (
				FC5358752C3FDCF200D480A2 /* Debug */,
				FC5358762C3FDCF200D480A2 /* Release */,
			);
			defaultConfigurationIsVisible = 0;
			defaultConfigurationName = Release;
		};
/* End XCConfigurationList section */

/* Begin XCLocalSwiftPackageReference section */
		FC5358772C3FE86D00D480A2 /* XCLocalSwiftPackageReference "../DylKit" */ = {
			isa = XCLocalSwiftPackageReference;
			relativePath = ../DylKit;
		};
/* End XCLocalSwiftPackageReference section */

/* Begin XCSwiftPackageProductDependency section */
		FC5358782C3FE86D00D480A2 /* DylKit */ = {
			isa = XCSwiftPackageProductDependency;
			productName = DylKit;
		};
/* End XCSwiftPackageProductDependency section */
	};
	rootObject = FC5358422C3FDCEE00D480A2 /* Project object */;
}
